
Microsoft Visual Studio Solution File, Format Version 12.00
# Visual Studio Version 17
VisualStudioVersion = 17.8.34525.116
MinimumVisualStudioVersion = 10.0.40219.1
Project("{FAE04EC0-301F-11D3-BF4B-00C04F79EFBC}") = "Assignment5", "Assignment5\Assignment5.csproj", "{F902728D-1645-483F-B585-AD47191F8414}"
EndProject
Global
	GlobalSection(SolutionConfigurationPlatforms) = preSolution
		Debug|Any CPU = Debug|Any CPU
		Release|Any CPU = Release|Any CPU
	EndGlobalSection
	GlobalSection(ProjectConfigurationPlatforms) = postSolution
		{F902728D-1645-483F-B585-AD47191F8414}.Debug|Any CPU.ActiveCfg = Debug|Any CPU
		{F902728D-1645-483F-B585-AD47191F8414}.Debug|Any CPU.Build.0 = Debug|Any CPU
		{F902728D-1645-483F-B585-AD47191F8414}.Release|Any CPU.ActiveCfg = Release|Any CPU
		{F902728D-1645-483F-B585-AD47191F8414}.Release|Any CPU.Build.0 = Release|Any CPU
	EndGlobalSection
	GlobalSection(SolutionProperties) = preSolution
		HideSolutionNode = FALSE
	EndGlobalSection
	GlobalSection(ExtensibilityGlobals) = postSolution
		SolutionGuid = {0C3FF644-A2B2-48AB-BD9E-79FB104E147B}
	EndGlobalSection
EndGlobal
